PODS:
  - Flutter (1.0.0)
  - flutter_sms (0.0.1):
    - Flutter

DEPENDENCIES:
  - Flutter (from `Flutter`)
  - flutter_sms (from `.symlinks/plugins/flutter_sms/ios`)

EXTERNAL SOURCES:
  Flutter:
    :path: Flutter
  flutter_sms:
    :path: ".symlinks/plugins/flutter_sms/ios"

SPEC CHECKSUMS:
  Flutter: 0e3d915762c693b495b44d77113d4970485de6ec
  flutter_sms: fe5157d2c8f5eafe37e18c37ce04f4f23a0d80d2

PODFILE CHECKSUM: 1b66dae606f75376c5f2135a8290850eeb09ae83

COCOAPODS: 1.7.2
